# THIS IS AN AUTOGENERATED FILE. DO NOT EDIT THIS FILE DIRECTLY.
# yarn lockfile v1


"@apidevtools/json-schema-ref-parser@^9.0.6":
  version "9.1.2"
  dependencies:
    "@jsdevtools/ono" "^7.1.3"
    "@types/json-schema" "^7.0.6"
    call-me-maybe "^1.0.1"
    js-yaml "^4.1.0"

"@apidevtools/openapi-schemas@^2.0.4":
  version "2.1.0"

"@apidevtools/swagger-methods@^3.0.2":
  version "3.0.2"

"@apidevtools/swagger-parser@10.0.3":
  version "10.0.3"
  dependencies:
    "@apidevtools/json-schema-ref-parser" "^9.0.6"
    "@apidevtools/openapi-schemas" "^2.0.4"
    "@apidevtools/swagger-methods" "^3.0.2"
    "@jsdevtools/ono" "^7.1.3"
    call-me-maybe "^1.0.1"
    z-schema "^5.0.1"

"@jsdevtools/ono@^7.1.3":
  version "7.1.3"

"@mongodb-js/saslprep@^1.1.5":
  version "1.1.7"
  dependencies:
    sparse-bitfield "^3.0.3"

"@socket.io/component-emitter@~3.1.0":
  version "3.1.2"

"@types/cookie@^0.4.1":
  version "0.4.1"

"@types/cors@^2.8.12":
  version "2.8.17"
  dependencies:
    "@types/node" "*"

"@types/json-schema@^7.0.6":
  version "7.0.15"

"@types/node@*", "@types/node@>=10.0.0":
  version "20.12.12"
  dependencies:
    undici-types "~5.26.4"

"@types/webidl-conversions@*":
  version "7.0.3"

"@types/whatwg-url@^11.0.2":
  version "11.0.5"
  dependencies:
    "@types/webidl-conversions" "*"

accepts@~1.3.4, accepts@~1.3.8:
  version "1.3.8"
  dependencies:
    mime-types "~2.1.34"
    negotiator "0.6.3"

"administracion@file:":
  version "1.0.0"
  resolved "file:"
  dependencies:
    administracion "file:"
    bcryptjs "^2.4.3"
    body-parser "^1.20.2"
    connect-multiparty "^2.2.0"
    cors "^2.8.5"
    crypto "^1.0.1"
    date-fns "^3.6.0"
    date-fns-tz "^3.1.3"
    express "^4.18.3"
    jsonwebtoken "^9.0.2"
    moment-timezone "^0.5.45"
    mongoose "^8.4.0"
    morgan "^1.10.0"
    nodemailer "^6.9.13"
    nodemon "^3.1.0"
    socket.io "^4.7.4"
    swagger-jsdoc "^6.2.8"
    swagger-ui-express "^5.0.0"

anymatch@~3.1.2:
  version "3.1.3"
  dependencies:
    normalize-path "^3.0.0"
    picomatch "^2.0.4"

argparse@^2.0.1:
  version "2.0.1"

array-flatten@1.1.1:
  version "1.1.1"

balanced-match@^1.0.0:
  version "1.0.2"

base64id@~2.0.0, base64id@2.0.0:
  version "2.0.0"

basic-auth@~2.0.1:
  version "2.0.1"
  dependencies:
    safe-buffer "5.1.2"

bcryptjs@^2.4.3:
  version "2.4.3"

binary-extensions@^2.0.0:
  version "2.3.0"

body-parser@^1.20.2, body-parser@1.20.2:
  version "1.20.2"
  dependencies:
    bytes "3.1.2"
    content-type "~1.0.5"
    debug "2.6.9"
    depd "2.0.0"
    destroy "1.2.0"
    http-errors "2.0.0"
    iconv-lite "0.4.24"
    on-finished "2.4.1"
    qs "6.11.0"
    raw-body "2.5.2"
    type-is "~1.6.18"
    unpipe "1.0.0"

brace-expansion@^1.1.7:
  version "1.1.11"
  dependencies:
    balanced-match "^1.0.0"
    concat-map "0.0.1"

braces@~3.0.2:
  version "3.0.3"
  dependencies:
    fill-range "^7.1.1"

bson@^6.7.0:
  version "6.7.0"

buffer-equal-constant-time@1.0.1:
  version "1.0.1"

bytes@3.1.2:
  version "3.1.2"

call-bind@^1.0.7:
  version "1.0.7"
  dependencies:
    es-define-property "^1.0.0"
    es-errors "^1.3.0"
    function-bind "^1.1.2"
    get-intrinsic "^1.2.4"
    set-function-length "^1.2.1"

call-me-maybe@^1.0.1:
  version "1.0.2"

chokidar@^3.5.2:
  version "3.6.0"
  dependencies:
    anymatch "~3.1.2"
    braces "~3.0.2"
    glob-parent "~5.1.2"
    is-binary-path "~2.1.0"
    is-glob "~4.0.1"
    normalize-path "~3.0.0"
    readdirp "~3.6.0"
  optionalDependencies:
    fsevents "~2.3.2"

commander@^10.0.0:
  version "10.0.1"

commander@6.2.0:
  version "6.2.0"

concat-map@0.0.1:
  version "0.0.1"

connect-multiparty@^2.2.0:
  version "2.2.0"
  dependencies:
    http-errors "~1.7.0"
    multiparty "~4.2.1"
    on-finished "~2.3.0"
    qs "~6.5.2"
    type-is "~1.6.16"

content-disposition@0.5.4:
  version "0.5.4"
  dependencies:
    safe-buffer "5.2.1"

content-type@~1.0.4, content-type@~1.0.5:
  version "1.0.5"

cookie-signature@1.0.6:
  version "1.0.6"

cookie@~0.4.1:
  version "0.4.2"

cookie@0.6.0:
  version "0.6.0"

cors@^2.8.5, cors@~2.8.5:
  version "2.8.5"
  dependencies:
    object-assign "^4"
    vary "^1"

crypto@^1.0.1:
  version "1.0.1"

date-fns-tz@^3.1.3:
  version "3.1.3"

date-fns@^3.0.0, date-fns@^3.6.0:
  version "3.6.0"

debug@^4, debug@~4.3.1, debug@~4.3.2, debug@~4.3.4, debug@4.x:
  version "4.3.4"
  dependencies:
    ms "2.1.2"

debug@2.6.9:
  version "2.6.9"
  dependencies:
    ms "2.0.0"

define-data-property@^1.1.4:
  version "1.1.4"
  dependencies:
    es-define-property "^1.0.0"
    es-errors "^1.3.0"
    gopd "^1.0.1"

depd@~1.1.2:
  version "1.1.2"

depd@~2.0.0, depd@2.0.0:
  version "2.0.0"

destroy@1.2.0:
  version "1.2.0"

doctrine@3.0.0:
  version "3.0.0"
  dependencies:
    esutils "^2.0.2"

ecdsa-sig-formatter@1.0.11:
  version "1.0.11"
  dependencies:
    safe-buffer "^5.0.1"

ee-first@1.1.1:
  version "1.1.1"

encodeurl@~1.0.2:
  version "1.0.2"

engine.io-parser@~5.2.1:
  version "5.2.2"

engine.io@~6.5.2:
  version "6.5.4"
  dependencies:
    "@types/cookie" "^0.4.1"
    "@types/cors" "^2.8.12"
    "@types/node" ">=10.0.0"
    accepts "~1.3.4"
    base64id "2.0.0"
    cookie "~0.4.1"
    cors "~2.8.5"
    debug "~4.3.1"
    engine.io-parser "~5.2.1"
    ws "~8.11.0"

es-define-property@^1.0.0:
  version "1.0.0"
  dependencies:
    get-intrinsic "^1.2.4"

es-errors@^1.3.0:
  version "1.3.0"

escape-html@~1.0.3:
  version "1.0.3"

esutils@^2.0.2:
  version "2.0.3"

etag@~1.8.1:
  version "1.8.1"

express@^4.18.3, "express@>=4.0.0 || >=5.0.0-beta":
  version "4.19.2"
  dependencies:
    accepts "~1.3.8"
    array-flatten "1.1.1"
    body-parser "1.20.2"
    content-disposition "0.5.4"
    content-type "~1.0.4"
    cookie "0.6.0"
    cookie-signature "1.0.6"
    debug "2.6.9"
    depd "2.0.0"
    encodeurl "~1.0.2"
    escape-html "~1.0.3"
    etag "~1.8.1"
    finalhandler "1.2.0"
    fresh "0.5.2"
    http-errors "2.0.0"
    merge-descriptors "1.0.1"
    methods "~1.1.2"
    on-finished "2.4.1"
    parseurl "~1.3.3"
    path-to-regexp "0.1.7"
    proxy-addr "~2.0.7"
    qs "6.11.0"
    range-parser "~1.2.1"
    safe-buffer "5.2.1"
    send "0.18.0"
    serve-static "1.15.0"
    setprototypeof "1.2.0"
    statuses "2.0.1"
    type-is "~1.6.18"
    utils-merge "1.0.1"
    vary "~1.1.2"

fill-range@^7.1.1:
  version "7.1.1"
  dependencies:
    to-regex-range "^5.0.1"

finalhandler@1.2.0:
  version "1.2.0"
  dependencies:
    debug "2.6.9"
    encodeurl "~1.0.2"
    escape-html "~1.0.3"
    on-finished "2.4.1"
    parseurl "~1.3.3"
    statuses "2.0.1"
    unpipe "~1.0.0"

forwarded@0.2.0:
  version "0.2.0"

fresh@0.5.2:
  version "0.5.2"

fs.realpath@^1.0.0:
  version "1.0.0"

function-bind@^1.1.2:
  version "1.1.2"

get-intrinsic@^1.1.3, get-intrinsic@^1.2.4:
  version "1.2.4"
  dependencies:
    es-errors "^1.3.0"
    function-bind "^1.1.2"
    has-proto "^1.0.1"
    has-symbols "^1.0.3"
    hasown "^2.0.0"

glob-parent@~5.1.2:
  version "5.1.2"
  dependencies:
    is-glob "^4.0.1"

glob@7.1.6:
  version "7.1.6"
  dependencies:
    fs.realpath "^1.0.0"
    inflight "^1.0.4"
    inherits "2"
    minimatch "^3.0.4"
    once "^1.3.0"
    path-is-absolute "^1.0.0"

gopd@^1.0.1:
  version "1.0.1"
  dependencies:
    get-intrinsic "^1.1.3"

has-flag@^3.0.0:
  version "3.0.0"

has-property-descriptors@^1.0.2:
  version "1.0.2"
  dependencies:
    es-define-property "^1.0.0"

has-proto@^1.0.1:
  version "1.0.3"

has-symbols@^1.0.3:
  version "1.0.3"

hasown@^2.0.0:
  version "2.0.2"
  dependencies:
    function-bind "^1.1.2"

http-errors@~1.7.0:
  version "1.7.3"
  dependencies:
    depd "~1.1.2"
    inherits "2.0.4"
    setprototypeof "1.1.1"
    statuses ">= 1.5.0 < 2"
    toidentifier "1.0.0"

http-errors@~1.8.1:
  version "1.8.1"
  dependencies:
    depd "~1.1.2"
    inherits "2.0.4"
    setprototypeof "1.2.0"
    statuses ">= 1.5.0 < 2"
    toidentifier "1.0.1"

http-errors@2.0.0:
  version "2.0.0"
  dependencies:
    depd "2.0.0"
    inherits "2.0.4"
    setprototypeof "1.2.0"
    statuses "2.0.1"
    toidentifier "1.0.1"

iconv-lite@0.4.24:
  version "0.4.24"
  dependencies:
    safer-buffer ">= 2.1.2 < 3"

ignore-by-default@^1.0.1:
  version "1.0.1"

inflight@^1.0.4:
  version "1.0.6"
  dependencies:
    once "^1.3.0"
    wrappy "1"

inherits@2, inherits@2.0.4:
  version "2.0.4"

ipaddr.js@1.9.1:
  version "1.9.1"

is-binary-path@~2.1.0:
  version "2.1.0"
  dependencies:
    binary-extensions "^2.0.0"

is-extglob@^2.1.1:
  version "2.1.1"

is-glob@^4.0.1, is-glob@~4.0.1:
  version "4.0.3"
  dependencies:
    is-extglob "^2.1.1"

is-number@^7.0.0:
  version "7.0.0"

js-yaml@^4.1.0:
  version "4.1.0"
  dependencies:
    argparse "^2.0.1"

jsonwebtoken@^9.0.2:
  version "9.0.2"
  dependencies:
    jws "^3.2.2"
    lodash.includes "^4.3.0"
    lodash.isboolean "^3.0.3"
    lodash.isinteger "^4.0.4"
    lodash.isnumber "^3.0.3"
    lodash.isplainobject "^4.0.6"
    lodash.isstring "^4.0.1"
    lodash.once "^4.0.0"
    ms "^2.1.1"
    semver "^7.5.4"

jwa@^1.4.1:
  version "1.4.1"
  dependencies:
    buffer-equal-constant-time "1.0.1"
    ecdsa-sig-formatter "1.0.11"
    safe-buffer "^5.0.1"

jws@^3.2.2:
  version "3.2.2"
  dependencies:
    jwa "^1.4.1"
    safe-buffer "^5.0.1"

kareem@2.6.3:
  version "2.6.3"

lodash.get@^4.4.2:
  version "4.4.2"

lodash.includes@^4.3.0:
  version "4.3.0"

lodash.isboolean@^3.0.3:
  version "3.0.3"

lodash.isequal@^4.5.0:
  version "4.5.0"

lodash.isinteger@^4.0.4:
  version "4.0.4"

lodash.isnumber@^3.0.3:
  version "3.0.3"

lodash.isplainobject@^4.0.6:
  version "4.0.6"

lodash.isstring@^4.0.1:
  version "4.0.1"

lodash.mergewith@^4.6.2:
  version "4.6.2"

lodash.once@^4.0.0:
  version "4.1.1"

media-typer@0.3.0:
  version "0.3.0"

memory-pager@^1.0.2:
  version "1.5.0"

merge-descriptors@1.0.1:
  version "1.0.1"

methods@~1.1.2:
  version "1.1.2"

mime-db@1.52.0:
  version "1.52.0"

mime-types@~2.1.24, mime-types@~2.1.34:
  version "2.1.35"
  dependencies:
    mime-db "1.52.0"

mime@1.6.0:
  version "1.6.0"

minimatch@^3.0.4, minimatch@^3.1.2:
  version "3.1.2"
  dependencies:
    brace-expansion "^1.1.7"

moment-timezone@^0.5.45:
  version "0.5.45"
  dependencies:
    moment "^2.29.4"

moment@^2.29.4:
  version "2.30.1"

mongodb-connection-string-url@^3.0.0:
  version "3.0.1"
  dependencies:
    "@types/whatwg-url" "^11.0.2"
    whatwg-url "^13.0.0"

mongodb@6.6.2:
  version "6.6.2"
  dependencies:
    "@mongodb-js/saslprep" "^1.1.5"
    bson "^6.7.0"
    mongodb-connection-string-url "^3.0.0"

mongoose@^8.4.0:
  version "8.4.0"
  dependencies:
    bson "^6.7.0"
    kareem "2.6.3"
    mongodb "6.6.2"
    mpath "0.9.0"
    mquery "5.0.0"
    ms "2.1.3"
    sift "17.1.3"

morgan@^1.10.0:
  version "1.10.0"
  dependencies:
    basic-auth "~2.0.1"
    debug "2.6.9"
    depd "~2.0.0"
    on-finished "~2.3.0"
    on-headers "~1.0.2"

mpath@0.9.0:
  version "0.9.0"

mquery@5.0.0:
  version "5.0.0"
  dependencies:
    debug "4.x"

ms@^2.1.1, ms@2.1.3:
  version "2.1.3"

ms@2.0.0:
  version "2.0.0"

ms@2.1.2:
  version "2.1.2"

multiparty@~4.2.1:
  version "4.2.3"
  dependencies:
    http-errors "~1.8.1"
    safe-buffer "5.2.1"
    uid-safe "2.1.5"

negotiator@0.6.3:
  version "0.6.3"

nodemailer@^6.9.13:
  version "6.9.13"

nodemon@^3.1.0:
  version "3.1.1"
  dependencies:
    chokidar "^3.5.2"
    debug "^4"
    ignore-by-default "^1.0.1"
    minimatch "^3.1.2"
    pstree.remy "^1.1.8"
    semver "^7.5.3"
    simple-update-notifier "^2.0.0"
    supports-color "^5.5.0"
    touch "^3.1.0"
    undefsafe "^2.0.5"

normalize-path@^3.0.0, normalize-path@~3.0.0:
  version "3.0.0"

object-assign@^4:
  version "4.1.1"

object-inspect@^1.13.1:
  version "1.13.1"

on-finished@~2.3.0:
  version "2.3.0"
  dependencies:
    ee-first "1.1.1"

on-finished@2.4.1:
  version "2.4.1"
  dependencies:
    ee-first "1.1.1"

on-headers@~1.0.2:
  version "1.0.2"

once@^1.3.0:
  version "1.4.0"
  dependencies:
    wrappy "1"

openapi-types@>=7:
  version "12.1.3"
  resolved "https://registry.npmjs.org/openapi-types/-/openapi-types-12.1.3.tgz"
  integrity sha512-N4YtSYJqghVu4iek2ZUvcN/0aqH1kRDuNqzcycDxhOUpg7GdvLa2F3DgS6yBNhInhv2r/6I0Flkn7CqL8+nIcw==

parseurl@~1.3.3:
  version "1.3.3"

path-is-absolute@^1.0.0:
  version "1.0.1"

path-to-regexp@0.1.7:
  version "0.1.7"

picomatch@^2.0.4, picomatch@^2.2.1:
  version "2.3.1"

proxy-addr@~2.0.7:
  version "2.0.7"
  dependencies:
    forwarded "0.2.0"
    ipaddr.js "1.9.1"

pstree.remy@^1.1.8:
  version "1.1.8"

punycode@^2.3.0:
  version "2.3.1"

qs@~6.5.2:
  version "6.5.3"

qs@6.11.0:
  version "6.11.0"
  dependencies:
    side-channel "^1.0.4"

random-bytes@~1.0.0:
  version "1.0.0"

range-parser@~1.2.1:
  version "1.2.1"

raw-body@2.5.2:
  version "2.5.2"
  dependencies:
    bytes "3.1.2"
    http-errors "2.0.0"
    iconv-lite "0.4.24"
    unpipe "1.0.0"

readdirp@~3.6.0:
  version "3.6.0"
  dependencies:
    picomatch "^2.2.1"

safe-buffer@^5.0.1, safe-buffer@5.2.1:
  version "5.2.1"

safe-buffer@5.1.2:
  version "5.1.2"

"safer-buffer@>= 2.1.2 < 3":
  version "2.1.2"

semver@^7.5.3, semver@^7.5.4:
  version "7.6.2"

send@0.18.0:
  version "0.18.0"
  dependencies:
    debug "2.6.9"
    depd "2.0.0"
    destroy "1.2.0"
    encodeurl "~1.0.2"
    escape-html "~1.0.3"
    etag "~1.8.1"
    fresh "0.5.2"
    http-errors "2.0.0"
    mime "1.6.0"
    ms "2.1.3"
    on-finished "2.4.1"
    range-parser "~1.2.1"
    statuses "2.0.1"

serve-static@1.15.0:
  version "1.15.0"
  dependencies:
    encodeurl "~1.0.2"
    escape-html "~1.0.3"
    parseurl "~1.3.3"
    send "0.18.0"

set-function-length@^1.2.1:
  version "1.2.2"
  dependencies:
    define-data-property "^1.1.4"
    es-errors "^1.3.0"
    function-bind "^1.1.2"
    get-intrinsic "^1.2.4"
    gopd "^1.0.1"
    has-property-descriptors "^1.0.2"

setprototypeof@1.1.1:
  version "1.1.1"

setprototypeof@1.2.0:
  version "1.2.0"

side-channel@^1.0.4:
  version "1.0.6"
  dependencies:
    call-bind "^1.0.7"
    es-errors "^1.3.0"
    get-intrinsic "^1.2.4"
    object-inspect "^1.13.1"

sift@17.1.3:
  version "17.1.3"

simple-update-notifier@^2.0.0:
  version "2.0.0"
  dependencies:
    semver "^7.5.3"

socket.io-adapter@~2.5.2:
  version "2.5.4"
  dependencies:
    debug "~4.3.4"
    ws "~8.11.0"

socket.io-parser@~4.2.4:
  version "4.2.4"
  dependencies:
    "@socket.io/component-emitter" "~3.1.0"
    debug "~4.3.1"

socket.io@^4.7.4:
  version "4.7.5"
  dependencies:
    accepts "~1.3.4"
    base64id "~2.0.0"
    cors "~2.8.5"
    debug "~4.3.2"
    engine.io "~6.5.2"
    socket.io-adapter "~2.5.2"
    socket.io-parser "~4.2.4"

sparse-bitfield@^3.0.3:
  version "3.0.3"
  dependencies:
    memory-pager "^1.0.2"

"statuses@>= 1.5.0 < 2":
  version "1.5.0"

statuses@2.0.1:
  version "2.0.1"

supports-color@^5.5.0:
  version "5.5.0"
  dependencies:
    has-flag "^3.0.0"

swagger-jsdoc@^6.2.8:
  version "6.2.8"
  dependencies:
    commander "6.2.0"
    doctrine "3.0.0"
    glob "7.1.6"
    lodash.mergewith "^4.6.2"
    swagger-parser "^10.0.3"
    yaml "2.0.0-1"

swagger-parser@^10.0.3:
  version "10.0.3"
  dependencies:
    "@apidevtools/swagger-parser" "10.0.3"

swagger-ui-dist@>=5.0.0:
  version "5.17.12"

swagger-ui-express@^5.0.0:
  version "5.0.0"
  dependencies:
    swagger-ui-dist ">=5.0.0"

to-regex-range@^5.0.1:
  version "5.0.1"
  dependencies:
    is-number "^7.0.0"

toidentifier@1.0.0:
  version "1.0.0"

toidentifier@1.0.1:
  version "1.0.1"

touch@^3.1.0:
  version "3.1.1"

tr46@^4.1.1:
  version "4.1.1"
  dependencies:
    punycode "^2.3.0"

type-is@~1.6.16, type-is@~1.6.18:
  version "1.6.18"
  dependencies:
    media-typer "0.3.0"
    mime-types "~2.1.24"

uid-safe@2.1.5:
  version "2.1.5"
  dependencies:
    random-bytes "~1.0.0"

undefsafe@^2.0.5:
  version "2.0.5"

undici-types@~5.26.4:
  version "5.26.5"

unpipe@~1.0.0, unpipe@1.0.0:
  version "1.0.0"

utils-merge@1.0.1:
  version "1.0.1"

validator@^13.7.0:
  version "13.12.0"

vary@^1, vary@~1.1.2:
  version "1.1.2"

webidl-conversions@^7.0.0:
  version "7.0.0"

whatwg-url@^13.0.0:
  version "13.0.0"
  dependencies:
    tr46 "^4.1.1"
    webidl-conversions "^7.0.0"

wrappy@1:
  version "1.0.2"

ws@~8.11.0:
  version "8.11.0"

yaml@2.0.0-1:
  version "2.0.0-1"

z-schema@^5.0.1:
  version "5.0.6"
  dependencies:
    lodash.get "^4.4.2"
    lodash.isequal "^4.5.0"
    validator "^13.7.0"
  optionalDependencies:
    commander "^10.0.0"
